
Microsoft Visual Studio Solution File, Format Version 12.00
# Visual Studio Version 16
VisualStudioVersion = 16.0.32428.217
MinimumVisualStudioVersion = 10.0.40219.1
Project("{FAE04EC0-301F-11D3-BF4B-00C04F79EFBC}") = "ApiRUCDNI", "ApiRUCDNI.csproj", "{4A1CAFAA-6E6F-4490-8A45-1F13D1421FFD}"
EndProject
Global
	GlobalSection(SolutionConfigurationPlatforms) = preSolution
		Debug|Any CPU = Debug|Any CPU
		Release|Any CPU = Release|Any CPU
	EndGlobalSection
	GlobalSection(ProjectConfigurationPlatforms) = postSolution
		{4A1CAFAA-6E6F-4490-8A45-1F13D1421FFD}.Debug|Any CPU.ActiveCfg = Debug|Any CPU
		{4A1CAFAA-6E6F-4490-8A45-1F13D1421FFD}.Debug|Any CPU.Build.0 = Debug|Any CPU
		{4A1CAFAA-6E6F-4490-8A45-1F13D1421FFD}.Release|Any CPU.ActiveCfg = Release|Any CPU
		{4A1CAFAA-6E6F-4490-8A45-1F13D1421FFD}.Release|Any CPU.Build.0 = Release|Any CPU
	EndGlobalSection
	GlobalSection(SolutionProperties) = preSolution
		HideSolutionNode = FALSE
	EndGlobalSection
	GlobalSection(ExtensibilityGlobals) = postSolution
		SolutionGuid = {540EA789-DFA4-41CB-9D7B-32ADD9D18178}
	EndGlobalSection
EndGlobal
